
Microsoft Visual Studio Solution File, Format Version 12.00
# Visual Studio Version 17
VisualStudioVersion = 17.9.34714.143
MinimumVisualStudioVersion = 10.0.40219.1
Project("{FAE04EC0-301F-11D3-BF4B-00C04F79EFBC}") = "CursoPatronesDeDiseño", "CursoPatronesDeDiseño\CursoPatronesDeDiseño.csproj", "{93A3100E-1062-4DDE-88ED-09F6A1397589}"
EndProject
Project("{FAE04EC0-301F-11D3-BF4B-00C04F79EFBC}") = "Tools", "Tools\Tools.csproj", "{0400D155-9841-4EF0-B259-73B12A0AC741}"
EndProject
Project("{FAE04EC0-301F-11D3-BF4B-00C04F79EFBC}") = "PatronesDeDiseñoASP", "PatronesDeDiseñoASP\PatronesDeDiseñoASP.csproj", "{98E60D32-CC63-4022-8B17-03590E6FAA3A}"
EndProject
Global
	GlobalSection(SolutionConfigurationPlatforms) = preSolution
		Debug|Any CPU = Debug|Any CPU
		Release|Any CPU = Release|Any CPU
	EndGlobalSection
	GlobalSection(ProjectConfigurationPlatforms) = postSolution
		{93A3100E-1062-4DDE-88ED-09F6A1397589}.Debug|Any CPU.ActiveCfg = Debug|Any CPU
		{93A3100E-1062-4DDE-88ED-09F6A1397589}.Debug|Any CPU.Build.0 = Debug|Any CPU
		{93A3100E-1062-4DDE-88ED-09F6A1397589}.Release|Any CPU.ActiveCfg = Release|Any CPU
		{93A3100E-1062-4DDE-88ED-09F6A1397589}.Release|Any CPU.Build.0 = Release|Any CPU
		{0400D155-9841-4EF0-B259-73B12A0AC741}.Debug|Any CPU.ActiveCfg = Debug|Any CPU
		{0400D155-9841-4EF0-B259-73B12A0AC741}.Debug|Any CPU.Build.0 = Debug|Any CPU
		{0400D155-9841-4EF0-B259-73B12A0AC741}.Release|Any CPU.ActiveCfg = Release|Any CPU
		{0400D155-9841-4EF0-B259-73B12A0AC741}.Release|Any CPU.Build.0 = Release|Any CPU
		{98E60D32-CC63-4022-8B17-03590E6FAA3A}.Debug|Any CPU.ActiveCfg = Debug|Any CPU
		{98E60D32-CC63-4022-8B17-03590E6FAA3A}.Debug|Any CPU.Build.0 = Debug|Any CPU
		{98E60D32-CC63-4022-8B17-03590E6FAA3A}.Release|Any CPU.ActiveCfg = Release|Any CPU
		{98E60D32-CC63-4022-8B17-03590E6FAA3A}.Release|Any CPU.Build.0 = Release|Any CPU
	EndGlobalSection
	GlobalSection(SolutionProperties) = preSolution
		HideSolutionNode = FALSE
	EndGlobalSection
	GlobalSection(ExtensibilityGlobals) = postSolution
		SolutionGuid = {AE26B828-556D-464F-9B88-5166BCB9ECD8}
	EndGlobalSection
EndGlobal
